# THIS IS AN AUTOGENERATED FILE. DO NOT EDIT THIS FILE DIRECTLY.
# yarn lockfile v1


"@tailwindcss/forms@^0.2.1":
  version "0.2.1"
  resolved "https://registry.yarnpkg.com/@tailwindcss/forms/-/forms-0.2.1.tgz#3244b185854fae1a7cbe8d2456314d8b2d98cf43"
  integrity sha512-czfvEdY+J2Ogfd6RUSr/ZSUmDxTujr34M++YLnp2cCPC3oJ4kFvFMaRXA6cEXKw7F1hJuapdjXRjsXIEXGgORg==
  dependencies:
    mini-svg-data-uri "^1.2.3"

mini-svg-data-uri@^1.2.3:
  version "1.2.3"
  resolved "https://registry.yarnpkg.com/mini-svg-data-uri/-/mini-svg-data-uri-1.2.3.tgz#e16baa92ad55ddaa1c2c135759129f41910bc39f"
  integrity sha512-zd6KCAyXgmq6FV1mR10oKXYtvmA9vRoB6xPSTUJTbFApCtkefDnYueVR1gkof3KcdLZo1Y8mjF2DFmQMIxsHNQ==
